
Microsoft Visual Studio Solution File, Format Version 12.00
# Visual Studio Version 17
VisualStudioVersion = 17.13.35931.197 d17.13
MinimumVisualStudioVersion = 10.0.40219.1
Project("{FAE04EC0-301F-11D3-BF4B-00C04F79EFBC}") = "CollegeManagementSystem2", "CollegeManagementSystem2\CollegeManagementSystem2.csproj", "{7036D3BA-6B19-4384-8753-13FCE72914EC}"
EndProject
Global
	GlobalSection(SolutionConfigurationPlatforms) = preSolution
		Debug|Any CPU = Debug|Any CPU
		Release|Any CPU = Release|Any CPU
	EndGlobalSection
	GlobalSection(ProjectConfigurationPlatforms) = postSolution
		{7036D3BA-6B19-4384-8753-13FCE72914EC}.Debug|Any CPU.ActiveCfg = Debug|Any CPU
		{7036D3BA-6B19-4384-8753-13FCE72914EC}.Debug|Any CPU.Build.0 = Debug|Any CPU
		{7036D3BA-6B19-4384-8753-13FCE72914EC}.Release|Any CPU.ActiveCfg = Release|Any CPU
		{7036D3BA-6B19-4384-8753-13FCE72914EC}.Release|Any CPU.Build.0 = Release|Any CPU
	EndGlobalSection
	GlobalSection(SolutionProperties) = preSolution
		HideSolutionNode = FALSE
	EndGlobalSection
	GlobalSection(ExtensibilityGlobals) = postSolution
		SolutionGuid = {D6E796A9-31ED-44D8-A18F-D3F8E48F0994}
	EndGlobalSection
EndGlobal
